// !$*UTF8*$!
{
	archiveVersion = 1;
	classes = {
	};
	objectVersion = 56;
	objects = {

/* Begin PBXBuildFile section */
		3E54FF0C2B772F1C00260FCB /* iCUrHealthApp.swift in Sources */ = {isa = PBXBuildFile; fileRef = 3E54FF0B2B772F1C00260FCB /* iCUrHealthApp.swift */; };
		3E54FF0E2B772F1C00260FCB /* ContentView.swift in Sources */ = {isa = PBXBuildFile; fileRef = 3E54FF0D2B772F1C00260FCB /* ContentView.swift */; };
		3E54FF102B772F1E00260FCB /* Assets.xcassets in Resources */ = {isa = PBXBuildFile; fileRef = 3E54FF0F2B772F1E00260FCB /* Assets.xcassets */; };
		3E54FF142B772F1E00260FCB /* Preview Assets.xcassets in Resources */ = {isa = PBXBuildFile; fileRef = 3E54FF132B772F1E00260FCB /* Preview Assets.xcassets */; };
		3E54FF242B778ABC00260FCB /* UserCharts.swift in Sources */ = {isa = PBXBuildFile; fileRef = 3E54FF232B778ABC00260FCB /* UserCharts.swift */; };
		3E54FF262B778AC200260FCB /* HealthChart.swift in Sources */ = {isa = PBXBuildFile; fileRef = 3E54FF252B778AC200260FCB /* HealthChart.swift */; };
		3E54FF282B778BBB00260FCB /* HealthData.swift in Sources */ = {isa = PBXBuildFile; fileRef = 3E54FF272B778BBB00260FCB /* HealthData.swift */; };
		3E54FF2A2B778D9600260FCB /* DataAtAGlance.swift in Sources */ = {isa = PBXBuildFile; fileRef = 3E54FF292B778D9600260FCB /* DataAtAGlance.swift */; };
		3EAA76192B77A10100DEE6D2 /* DetailedAnalysisView.swift in Sources */ = {isa = PBXBuildFile; fileRef = 3EAA76182B77A10100DEE6D2 /* DetailedAnalysisView.swift */; };
/* End PBXBuildFile section */

/* Begin PBXFileReference section */
		3E54FF082B772F1C00260FCB /* iCUrHealth.app */ = {isa = PBXFileReference; explicitFileType = wrapper.application; includeInIndex = 0; path = iCUrHealth.app; sourceTree = BUILT_PRODUCTS_DIR; };
		3E54FF0B2B772F1C00260FCB /* iCUrHealthApp.swift */ = {isa = PBXFileReference; lastKnownFileType = sourcecode.swift; path = iCUrHealthApp.swift; sourceTree = "<group>"; };
		3E54FF0D2B772F1C00260FCB /* ContentView.swift */ = {isa = PBXFileReference; lastKnownFileType = sourcecode.swift; path = ContentView.swift; sourceTree = "<group>"; };
		3E54FF0F2B772F1E00260FCB /* Assets.xcassets */ = {isa = PBXFileReference; lastKnownFileType = folder.assetcatalog; path = Assets.xcassets; sourceTree = "<group>"; };
		3E54FF112B772F1E00260FCB /* iCUrHealth.entitlements */ = {isa = PBXFileReference; lastKnownFileType = text.plist.entitlements; path = iCUrHealth.entitlements; sourceTree = "<group>"; };
		3E54FF132B772F1E00260FCB /* Preview Assets.xcassets */ = {isa = PBXFileReference; lastKnownFileType = folder.assetcatalog; path = "Preview Assets.xcassets"; sourceTree = "<group>"; };
		3E54FF232B778ABC00260FCB /* UserCharts.swift */ = {isa = PBXFileReference; fileEncoding = 4; lastKnownFileType = sourcecode.swift; path = UserCharts.swift; sourceTree = "<group>"; };
		3E54FF252B778AC200260FCB /* HealthChart.swift */ = {isa = PBXFileReference; fileEncoding = 4; lastKnownFileType = sourcecode.swift; path = HealthChart.swift; sourceTree = "<group>"; };
		3E54FF272B778BBB00260FCB /* HealthData.swift */ = {isa = PBXFileReference; lastKnownFileType = sourcecode.swift; path = HealthData.swift; sourceTree = "<group>"; };
		3E54FF292B778D9600260FCB /* DataAtAGlance.swift */ = {isa = PBXFileReference; lastKnownFileType = sourcecode.swift; path = DataAtAGlance.swift; sourceTree = "<group>"; };
		3EAA76182B77A10100DEE6D2 /* DetailedAnalysisView.swift */ = {isa = PBXFileReference; lastKnownFileType = sourcecode.swift; path = DetailedAnalysisView.swift; sourceTree = "<group>"; };
/* End PBXFileReference section */

/* Begin PBXFrameworksBuildPhase section */
		3E54FF052B772F1C00260FCB /* Frameworks */ = {
			isa = PBXFrameworksBuildPhase;
			buildActionMask = 2147483647;
			files = (
			);
			runOnlyForDeploymentPostprocessing = 0;
		};
/* End PBXFrameworksBuildPhase section */

/* Begin PBXGroup section */
		3E54FEFF2B772F1C00260FCB = {
			isa = PBXGroup;
			children = (
				3E54FF0A2B772F1C00260FCB /* iCUrHealth */,
				3E54FF092B772F1C00260FCB /* Products */,
			);
			sourceTree = "<group>";
		};
		3E54FF092B772F1C00260FCB /* Products */ = {
			isa = PBXGroup;
			children = (
				3E54FF082B772F1C00260FCB /* iCUrHealth.app */,
			);
			name = Products;
			sourceTree = "<group>";
		};
		3E54FF0A2B772F1C00260FCB /* iCUrHealth */ = {
			isa = PBXGroup;
			children = (
				3EAA76182B77A10100DEE6D2 /* DetailedAnalysisView.swift */,
				3E54FF252B778AC200260FCB /* HealthChart.swift */,
				3E54FF232B778ABC00260FCB /* UserCharts.swift */,
				3E54FF0B2B772F1C00260FCB /* iCUrHealthApp.swift */,
				3E54FF0D2B772F1C00260FCB /* ContentView.swift */,
				3E54FF0F2B772F1E00260FCB /* Assets.xcassets */,
				3E54FF112B772F1E00260FCB /* iCUrHealth.entitlements */,
				3E54FF122B772F1E00260FCB /* Preview Content */,
				3E54FF272B778BBB00260FCB /* HealthData.swift */,
				3E54FF292B778D9600260FCB /* DataAtAGlance.swift */,
			);
			path = iCUrHealth;
			sourceTree = "<group>";
		};
		3E54FF122B772F1E00260FCB /* Preview Content */ = {
			isa = PBXGroup;
			children = (
				3E54FF132B772F1E00260FCB /* Preview Assets.xcassets */,
			);
			path = "Preview Content";
			sourceTree = "<group>";
		};
/* End PBXGroup section */

/* Begin PBXNativeTarget section */
		3E54FF072B772F1C00260FCB /* iCUrHealth */ = {
			isa = PBXNativeTarget;
			buildConfigurationList = 3E54FF172B772F1E00260FCB /* Build configuration list for PBXNativeTarget "iCUrHealth" */;
			buildPhases = (
				3E54FF042B772F1C00260FCB /* Sources */,
				3E54FF052B772F1C00260FCB /* Frameworks */,
				3E54FF062B772F1C00260FCB /* Resources */,
			);
			buildRules = (
			);
			dependencies = (
			);
			name = iCUrHealth;
			packageProductDependencies = (
			);
			productName = iCUrHealth;
			productReference = 3E54FF082B772F1C00260FCB /* iCUrHealth.app */;
			productType = "com.apple.product-type.application";
		};
/* End PBXNativeTarget section */

/* Begin PBXProject section */
		3E54FF002B772F1C00260FCB /* Project object */ = {
			isa = PBXProject;
			attributes = {
				BuildIndependentTargetsInParallel = 1;
				LastSwiftUpdateCheck = 1520;
				LastUpgradeCheck = 1520;
				TargetAttributes = {
					3E54FF072B772F1C00260FCB = {
						CreatedOnToolsVersion = 15.2;
					};
				};
			};
			buildConfigurationList = 3E54FF032B772F1C00260FCB /* Build configuration list for PBXProject "iCUrHealth" */;
			compatibilityVersion = "Xcode 14.0";
			developmentRegion = en;
			hasScannedForEncodings = 0;
			knownRegions = (
				en,
				Base,
			);
			mainGroup = 3E54FEFF2B772F1C00260FCB;
			packageReferences = (
			);
			productRefGroup = 3E54FF092B772F1C00260FCB /* Products */;
			projectDirPath = "";
			projectRoot = "";
			targets = (
				3E54FF072B772F1C00260FCB /* iCUrHealth */,
			);
		};
/* End PBXProject section */

/* Begin PBXResourcesBuildPhase section */
		3E54FF062B772F1C00260FCB /* Resources */ = {
			isa = PBXResourcesBuildPhase;
			buildActionMask = 2147483647;
			files = (
				3E54FF142B772F1E00260FCB /* Preview Assets.xcassets in Resources */,
				3E54FF102B772F1E00260FCB /* Assets.xcassets in Resources */,
			);
			runOnlyForDeploymentPostprocessing = 0;
		};
/* End PBXResourcesBuildPhase section */

/* Begin PBXSourcesBuildPhase section */
		3E54FF042B772F1C00260FCB /* Sources */ = {
			isa = PBXSourcesBuildPhase;
			buildActionMask = 2147483647;
			files = (
				3E54FF262B778AC200260FCB /* HealthChart.swift in Sources */,
				3E54FF282B778BBB00260FCB /* HealthData.swift in Sources */,
				3E54FF2A2B778D9600260FCB /* DataAtAGlance.swift in Sources */,
				3E54FF0E2B772F1C00260FCB /* ContentView.swift in Sources */,
				3E54FF0C2B772F1C00260FCB /* iCUrHealthApp.swift in Sources */,
				3E54FF242B778ABC00260FCB /* UserCharts.swift in Sources */,
				3EAA76192B77A10100DEE6D2 /* DetailedAnalysisView.swift in Sources */,
			);
			runOnlyForDeploymentPostprocessing = 0;
		};
/* End PBXSourcesBuildPhase section */

/* Begin XCBuildConfiguration section */
		3E54FF152B772F1E00260FCB /* Debug */ = {
			isa = XCBuildConfiguration;
			buildSettings = {
				ALWAYS_SEARCH_USER_PATHS = NO;
				ASSETCATALOG_COMPILER_GENERATE_SWIFT_ASSET_SYMBOL_EXTENSIONS = YES;
				CLANG_ANALYZER_NONNULL = YES;
				CLANG_ANALYZER_NUMBER_OBJECT_CONVERSION = YES_AGGRESSIVE;
				CLANG_CXX_LANGUAGE_STANDARD = "gnu++20";
				CLANG_ENABLE_MODULES = YES;
				CLANG_ENABLE_OBJC_ARC = YES;
				CLANG_ENABLE_OBJC_WEAK = YES;
				CLANG_WARN_BLOCK_CAPTURE_AUTORELEASING = YES;
				CLANG_WARN_BOOL_CONVERSION = YES;
				CLANG_WARN_COMMA = YES;
				CLANG_WARN_CONSTANT_CONVERSION = YES;
				CLANG_WARN_DEPRECATED_OBJC_IMPLEMENTATIONS = YES;
				CLANG_WARN_DIRECT_OBJC_ISA_USAGE = YES_ERROR;
				CLANG_WARN_DOCUMENTATION_COMMENTS = YES;
				CLANG_WARN_EMPTY_BODY = YES;
				CLANG_WARN_ENUM_CONVERSION = YES;
				CLANG_WARN_INFINITE_RECURSION = YES;
				CLANG_WARN_INT_CONVERSION = YES;
				CLANG_WARN_NON_LITERAL_NULL_CONVERSION = YES;
				CLANG_WARN_OBJC_IMPLICIT_RETAIN_SELF = YES;
				CLANG_WARN_OBJC_LITERAL_CONVERSION = YES;
				CLANG_WARN_OBJC_ROOT_CLASS = YES_ERROR;
				CLANG_WARN_QUOTED_INCLUDE_IN_FRAMEWORK_HEADER = YES;
				CLANG_WARN_RANGE_LOOP_ANALYSIS = YES;
				CLANG_WARN_STRICT_PROTOTYPES = YES;
				CLANG_WARN_SUSPICIOUS_MOVE = YES;
				CLANG_WARN_UNGUARDED_AVAILABILITY = YES_AGGRESSIVE;
				CLANG_WARN_UNREACHABLE_CODE = YES;
				CLANG_WARN__DUPLICATE_METHOD_MATCH = YES;
				COPY_PHASE_STRIP = NO;
				DEBUG_INFORMATION_FORMAT = dwarf;
				ENABLE_STRICT_OBJC_MSGSEND = YES;
				ENABLE_TESTABILITY = YES;
				ENABLE_USER_SCRIPT_SANDBOXING = YES;
				GCC_C_LANGUAGE_STANDARD = gnu17;
				GCC_DYNAMIC_NO_PIC = NO;
				GCC_NO_COMMON_BLOCKS = YES;
				GCC_OPTIMIZATION_LEVEL = 0;
				GCC_PREPROCESSOR_DEFINITIONS = (
					"DEBUG=1",
					"$(inherited)",
				);
				GCC_WARN_64_TO_32_BIT_CONVERSION = YES;
				GCC_WARN_ABOUT_RETURN_TYPE = YES_ERROR;
				GCC_WARN_UNDECLARED_SELECTOR = YES;
				GCC_WARN_UNINITIALIZED_AUTOS = YES_AGGRESSIVE;
				GCC_WARN_UNUSED_FUNCTION = YES;
				GCC_WARN_UNUSED_VARIABLE = YES;
				LOCALIZATION_PREFERS_STRING_CATALOGS = YES;
				MTL_ENABLE_DEBUG_INFO = INCLUDE_SOURCE;
				MTL_FAST_MATH = YES;
				ONLY_ACTIVE_ARCH = YES;
				SWIFT_ACTIVE_COMPILATION_CONDITIONS = "DEBUG $(inherited)";
				SWIFT_OPTIMIZATION_LEVEL = "-Onone";
			};
			name = Debug;
		};
		3E54FF162B772F1E00260FCB /* Release */ = {
			isa = XCBuildConfiguration;
			buildSettings = {
				ALWAYS_SEARCH_USER_PATHS = NO;
				ASSETCATALOG_COMPILER_GENERATE_SWIFT_ASSET_SYMBOL_EXTENSIONS = YES;
				CLANG_ANALYZER_NONNULL = YES;
				CLANG_ANALYZER_NUMBER_OBJECT_CONVERSION = YES_AGGRESSIVE;
				CLANG_CXX_LANGUAGE_STANDARD = "gnu++20";
				CLANG_ENABLE_MODULES = YES;
				CLANG_ENABLE_OBJC_ARC = YES;
				CLANG_ENABLE_OBJC_WEAK = YES;
				CLANG_WARN_BLOCK_CAPTURE_AUTORELEASING = YES;
				CLANG_WARN_BOOL_CONVERSION = YES;
				CLANG_WARN_COMMA = YES;
				CLANG_WARN_CONSTANT_CONVERSION = YES;
				CLANG_WARN_DEPRECATED_OBJC_IMPLEMENTATIONS = YES;
				CLANG_WARN_DIRECT_OBJC_ISA_USAGE = YES_ERROR;
				CLANG_WARN_DOCUMENTATION_COMMENTS = YES;
				CLANG_WARN_EMPTY_BODY = YES;
				CLANG_WARN_ENUM_CONVERSION = YES;
				CLANG_WARN_INFINITE_RECURSION = YES;
				CLANG_WARN_INT_CONVERSION = YES;
				CLANG_WARN_NON_LITERAL_NULL_CONVERSION = YES;
				CLANG_WARN_OBJC_IMPLICIT_RETAIN_SELF = YES;
				CLANG_WARN_OBJC_LITERAL_CONVERSION = YES;
				CLANG_WARN_OBJC_ROOT_CLASS = YES_ERROR;
				CLANG_WARN_QUOTED_INCLUDE_IN_FRAMEWORK_HEADER = YES;
				CLANG_WARN_RANGE_LOOP_ANALYSIS = YES;
				CLANG_WARN_STRICT_PROTOTYPES = YES;
				CLANG_WARN_SUSPICIOUS_MOVE = YES;
				CLANG_WARN_UNGUARDED_AVAILABILITY = YES_AGGRESSIVE;
				CLANG_WARN_UNREACHABLE_CODE = YES;
				CLANG_WARN__DUPLICATE_METHOD_MATCH = YES;
				COPY_PHASE_STRIP = NO;
				DEBUG_INFORMATION_FORMAT = "dwarf-with-dsym";
				ENABLE_NS_ASSERTIONS = NO;
				ENABLE_STRICT_OBJC_MSGSEND = YES;
				ENABLE_USER_SCRIPT_SANDBOXING = YES;
				GCC_C_LANGUAGE_STANDARD = gnu17;
				GCC_NO_COMMON_BLOCKS = YES;
				GCC_WARN_64_TO_32_BIT_CONVERSION = YES;
				GCC_WARN_ABOUT_RETURN_TYPE = YES_ERROR;
				GCC_WARN_UNDECLARED_SELECTOR = YES;
				GCC_WARN_UNINITIALIZED_AUTOS = YES_AGGRESSIVE;
				GCC_WARN_UNUSED_FUNCTION = YES;
				GCC_WARN_UNUSED_VARIABLE = YES;
				LOCALIZATION_PREFERS_STRING_CATALOGS = YES;
				MTL_ENABLE_DEBUG_INFO = NO;
				MTL_FAST_MATH = YES;
				SWIFT_COMPILATION_MODE = wholemodule;
			};
			name = Release;
		};
		3E54FF182B772F1E00260FCB /* Debug */ = {
			isa = XCBuildConfiguration;
			buildSettings = {
				ASSETCATALOG_COMPILER_APPICON_NAME = AppIcon;
				ASSETCATALOG_COMPILER_GLOBAL_ACCENT_COLOR_NAME = AccentColor;
				CODE_SIGN_ENTITLEMENTS = iCUrHealth/iCUrHealth.entitlements;
				CODE_SIGN_STYLE = Automatic;
				CURRENT_PROJECT_VERSION = 1;
				DEVELOPMENT_ASSET_PATHS = "\"iCUrHealth/Preview Content\"";
				DEVELOPMENT_TEAM = 6BS49F3GLW;
				ENABLE_HARDENED_RUNTIME = YES;
				ENABLE_PREVIEWS = YES;
				GENERATE_INFOPLIST_FILE = YES;
				INFOPLIST_KEY_NSHealthClinicalHealthRecordsShareUsageDescription = "Used to analyze and provide strats";
				INFOPLIST_KEY_NSHealthShareUsageDescription = "Used to analyze health data to provide stats";
				"INFOPLIST_KEY_UIApplicationSceneManifest_Generation[sdk=iphoneos*]" = YES;
				"INFOPLIST_KEY_UIApplicationSceneManifest_Generation[sdk=iphonesimulator*]" = YES;
				"INFOPLIST_KEY_UIApplicationSupportsIndirectInputEvents[sdk=iphoneos*]" = YES;
				"INFOPLIST_KEY_UIApplicationSupportsIndirectInputEvents[sdk=iphonesimulator*]" = YES;
				"INFOPLIST_KEY_UILaunchScreen_Generation[sdk=iphoneos*]" = YES;
				"INFOPLIST_KEY_UILaunchScreen_Generation[sdk=iphonesimulator*]" = YES;
				"INFOPLIST_KEY_UIStatusBarStyle[sdk=iphoneos*]" = UIStatusBarStyleDefault;
				"INFOPLIST_KEY_UIStatusBarStyle[sdk=iphonesimulator*]" = UIStatusBarStyleDefault;
				INFOPLIST_KEY_UISupportedInterfaceOrientations_iPad = "UIInterfaceOrientationPortrait UIInterfaceOrientationPortraitUpsideDown UIInterfaceOrientationLandscapeLeft UIInterfaceOrientationLandscapeRight";
				INFOPLIST_KEY_UISupportedInterfaceOrientations_iPhone = "UIInterfaceOrientationPortrait UIInterfaceOrientationLandscapeLeft UIInterfaceOrientationLandscapeRight";
				IPHONEOS_DEPLOYMENT_TARGET = 17.2;
				LD_RUNPATH_SEARCH_PATHS = "@executable_path/Frameworks";
				"LD_RUNPATH_SEARCH_PATHS[sdk=macosx*]" = "@executable_path/../Frameworks";
				MACOSX_DEPLOYMENT_TARGET = 14.2;
				MARKETING_VERSION = 1.0;
				PRODUCT_BUNDLE_IDENTIFIER = com.navanchauhan.iCUrHealth;
				PRODUCT_NAME = "$(TARGET_NAME)";
				SDKROOT = auto;
				SUPPORTED_PLATFORMS = "iphoneos iphonesimulator";
				SUPPORTS_MACCATALYST = NO;
				SWIFT_EMIT_LOC_STRINGS = YES;
				SWIFT_VERSION = 5.0;
				TARGETED_DEVICE_FAMILY = "1,2";
			};
			name = Debug;
		};
		3E54FF192B772F1E00260FCB /* Release */ = {
			isa = XCBuildConfiguration;
			buildSettings = {
				ASSETCATALOG_COMPILER_APPICON_NAME = AppIcon;
				ASSETCATALOG_COMPILER_GLOBAL_ACCENT_COLOR_NAME = AccentColor;
				CODE_SIGN_ENTITLEMENTS = iCUrHealth/iCUrHealth.entitlements;
				CODE_SIGN_STYLE = Automatic;
				CURRENT_PROJECT_VERSION = 1;
				DEVELOPMENT_ASSET_PATHS = "\"iCUrHealth/Preview Content\"";
				DEVELOPMENT_TEAM = 6BS49F3GLW;
				ENABLE_HARDENED_RUNTIME = YES;
				ENABLE_PREVIEWS = YES;
				GENERATE_INFOPLIST_FILE = YES;
				INFOPLIST_KEY_NSHealthClinicalHealthRecordsShareUsageDescription = "Used to analyze and provide strats";
				INFOPLIST_KEY_NSHealthShareUsageDescription = "Used to analyze health data to provide stats";
				"INFOPLIST_KEY_UIApplicationSceneManifest_Generation[sdk=iphoneos*]" = YES;
				"INFOPLIST_KEY_UIApplicationSceneManifest_Generation[sdk=iphonesimulator*]" = YES;
				"INFOPLIST_KEY_UIApplicationSupportsIndirectInputEvents[sdk=iphoneos*]" = YES;
				"INFOPLIST_KEY_UIApplicationSupportsIndirectInputEvents[sdk=iphonesimulator*]" = YES;
				"INFOPLIST_KEY_UILaunchScreen_Generation[sdk=iphoneos*]" = YES;
				"INFOPLIST_KEY_UILaunchScreen_Generation[sdk=iphonesimulator*]" = YES;
				"INFOPLIST_KEY_UIStatusBarStyle[sdk=iphoneos*]" = UIStatusBarStyleDefault;
				"INFOPLIST_KEY_UIStatusBarStyle[sdk=iphonesimulator*]" = UIStatusBarStyleDefault;
				INFOPLIST_KEY_UISupportedInterfaceOrientations_iPad = "UIInterfaceOrientationPortrait UIInterfaceOrientationPortraitUpsideDown UIInterfaceOrientationLandscapeLeft UIInterfaceOrientationLandscapeRight";
				INFOPLIST_KEY_UISupportedInterfaceOrientations_iPhone = "UIInterfaceOrientationPortrait UIInterfaceOrientationLandscapeLeft UIInterfaceOrientationLandscapeRight";
				IPHONEOS_DEPLOYMENT_TARGET = 17.2;
				LD_RUNPATH_SEARCH_PATHS = "@executable_path/Frameworks";
				"LD_RUNPATH_SEARCH_PATHS[sdk=macosx*]" = "@executable_path/../Frameworks";
				MACOSX_DEPLOYMENT_TARGET = 14.2;
				MARKETING_VERSION = 1.0;
				PRODUCT_BUNDLE_IDENTIFIER = com.navanchauhan.iCUrHealth;
				PRODUCT_NAME = "$(TARGET_NAME)";
				SDKROOT = auto;
				SUPPORTED_PLATFORMS = "iphoneos iphonesimulator";
				SUPPORTS_MACCATALYST = NO;
				SWIFT_EMIT_LOC_STRINGS = YES;
				SWIFT_VERSION = 5.0;
				TARGETED_DEVICE_FAMILY = "1,2";
			};
			name = Release;
		};
/* End XCBuildConfiguration section */

/* Begin XCConfigurationList section */
		3E54FF032B772F1C00260FCB /* Build configuration list for PBXProject "iCUrHealth" */ = {
			isa = XCConfigurationList;
			buildConfigurations = (
				3E54FF152B772F1E00260FCB /* Debug */,
				3E54FF162B772F1E00260FCB /* Release */,
			);
			defaultConfigurationIsVisible = 0;
			defaultConfigurationName = Release;
		};
		3E54FF172B772F1E00260FCB /* Build configuration list for PBXNativeTarget "iCUrHealth" */ = {
			isa = XCConfigurationList;
			buildConfigurations = (
				3E54FF182B772F1E00260FCB /* Debug */,
				3E54FF192B772F1E00260FCB /* Release */,
			);
			defaultConfigurationIsVisible = 0;
			defaultConfigurationName = Release;
		};
/* End XCConfigurationList section */
	};
	rootObject = 3E54FF002B772F1C00260FCB /* Project object */;
}
